// !$*UTF8*$!
{
	archiveVersion = 1;
	classes = {
	};
	objectVersion = 50;
	objects = {

/* Begin PBXBuildFile section */
		1343CC9D2290CEF600C603AC /* AppDelegate.swift in Sources */ = {isa = PBXBuildFile; fileRef = 1343CC9C2290CEF600C603AC /* AppDelegate.swift */; };
		1343CC9F2290CEF600C603AC /* ViewController.swift in Sources */ = {isa = PBXBuildFile; fileRef = 1343CC9E2290CEF600C603AC /* ViewController.swift */; };
		1343CCA22290CEF600C603AC /* Main.storyboard in Resources */ = {isa = PBXBuildFile; fileRef = 1343CCA02290CEF600C603AC /* Main.storyboard */; };
		1343CCA42290CEF700C603AC /* Assets.xcassets in Resources */ = {isa = PBXBuildFile; fileRef = 1343CCA32290CEF700C603AC /* Assets.xcassets */; };
		1343CCA72290CEF700C603AC /* LaunchScreen.storyboard in Resources */ = {isa = PBXBuildFile; fileRef = 1343CCA52290CEF700C603AC /* LaunchScreen.storyboard */; };
		1343CCB02290D4B500C603AC /* CustomCellPopButton.swift in Sources */ = {isa = PBXBuildFile; fileRef = 1343CCAE2290D4B500C603AC /* CustomCellPopButton.swift */; };
		1343CCB12290D4B500C603AC /* PopOverTableViewController.swift in Sources */ = {isa = PBXBuildFile; fileRef = 1343CCAF2290D4B500C603AC /* PopOverTableViewController.swift */; };
		1343CCB32290D67F00C603AC /* CustomTableViewCell.swift in Sources */ = {isa = PBXBuildFile; fileRef = 1343CCB22290D67F00C603AC /* CustomTableViewCell.swift */; };
/* End PBXBuildFile section */

/* Begin PBXFileReference section */
		1343CC992290CEF600C603AC /* CustomCellValuesPopOver.app */ = {isa = PBXFileReference; explicitFileType = wrapper.application; includeInIndex = 0; path = CustomCellValuesPopOver.app; sourceTree = BUILT_PRODUCTS_DIR; };
		1343CC9C2290CEF600C603AC /* AppDelegate.swift */ = {isa = PBXFileReference; lastKnownFileType = sourcecode.swift; path = AppDelegate.swift; sourceTree = "<group>"; };
		1343CC9E2290CEF600C603AC /* ViewController.swift */ = {isa = PBXFileReference; lastKnownFileType = sourcecode.swift; path = ViewController.swift; sourceTree = "<group>"; };
		1343CCA12290CEF600C603AC /* Base */ = {isa = PBXFileReference; lastKnownFileType = file.storyboard; name = Base; path = Base.lproj/Main.storyboard; sourceTree = "<group>"; };
		1343CCA32290CEF700C603AC /* Assets.xcassets */ = {isa = PBXFileReference; lastKnownFileType = folder.assetcatalog; path = Assets.xcassets; sourceTree = "<group>"; };
		1343CCA62290CEF700C603AC /* Base */ = {isa = PBXFileReference; lastKnownFileType = file.storyboard; name = Base; path = Base.lproj/LaunchScreen.storyboard; sourceTree = "<group>"; };
		1343CCA82290CEF700C603AC /* Info.plist */ = {isa = PBXFileReference; lastKnownFileType = text.plist.xml; path = Info.plist; sourceTree = "<group>"; };
		1343CCAE2290D4B500C603AC /* CustomCellPopButton.swift */ = {isa = PBXFileReference; fileEncoding = 4; lastKnownFileType = sourcecode.swift; path = CustomCellPopButton.swift; sourceTree = "<group>"; };
		1343CCAF2290D4B500C603AC /* PopOverTableViewController.swift */ = {isa = PBXFileReference; fileEncoding = 4; lastKnownFileType = sourcecode.swift; path = PopOverTableViewController.swift; sourceTree = "<group>"; };
		1343CCB22290D67F00C603AC /* CustomTableViewCell.swift */ = {isa = PBXFileReference; fileEncoding = 4; lastKnownFileType = sourcecode.swift; path = CustomTableViewCell.swift; sourceTree = "<group>"; };
/* End PBXFileReference section */

/* Begin PBXFrameworksBuildPhase section */
		1343CC962290CEF600C603AC /* Frameworks */ = {
			isa = PBXFrameworksBuildPhase;
			buildActionMask = 2147483647;
			files = (
			);
			runOnlyForDeploymentPostprocessing = 0;
		};
/* End PBXFrameworksBuildPhase section */

/* Begin PBXGroup section */
		1343CC902290CEF600C603AC = {
			isa = PBXGroup;
			children = (
				1343CC9B2290CEF600C603AC /* CustomCellValuesPopOver */,
				1343CC9A2290CEF600C603AC /* Products */,
			);
			sourceTree = "<group>";
		};
		1343CC9A2290CEF600C603AC /* Products */ = {
			isa = PBXGroup;
			children = (
				1343CC992290CEF600C603AC /* CustomCellValuesPopOver.app */,
			);
			name = Products;
			sourceTree = "<group>";
		};
		1343CC9B2290CEF600C603AC /* CustomCellValuesPopOver */ = {
			isa = PBXGroup;
			children = (
				1343CC9C2290CEF600C603AC /* AppDelegate.swift */,
				1343CC9E2290CEF600C603AC /* ViewController.swift */,
				1343CCB22290D67F00C603AC /* CustomTableViewCell.swift */,
				1343CCAE2290D4B500C603AC /* CustomCellPopButton.swift */,
				1343CCAF2290D4B500C603AC /* PopOverTableViewController.swift */,
				1343CCA02290CEF600C603AC /* Main.storyboard */,
				1343CCA32290CEF700C603AC /* Assets.xcassets */,
				1343CCA52290CEF700C603AC /* LaunchScreen.storyboard */,
				1343CCA82290CEF700C603AC /* Info.plist */,
			);
			path = CustomCellValuesPopOver;
			sourceTree = "<group>";
		};
/* End PBXGroup section */

/* Begin PBXNativeTarget section */
		1343CC982290CEF600C603AC /* CustomCellValuesPopOver */ = {
			isa = PBXNativeTarget;
			buildConfigurationList = 1343CCAB2290CEF700C603AC /* Build configuration list for PBXNativeTarget "CustomCellValuesPopOver" */;
			buildPhases = (
				1343CC952290CEF600C603AC /* Sources */,
				1343CC962290CEF600C603AC /* Frameworks */,
				1343CC972290CEF600C603AC /* Resources */,
			);
			buildRules = (
			);
			dependencies = (
			);
			name = CustomCellValuesPopOver;
			productName = CustomCellValuesPopOver;
			productReference = 1343CC992290CEF600C603AC /* CustomCellValuesPopOver.app */;
			productType = "com.apple.product-type.application";
		};
/* End PBXNativeTarget section */

/* Begin PBXProject section */
		1343CC912290CEF600C603AC /* Project object */ = {
			isa = PBXProject;
			attributes = {
				LastSwiftUpdateCheck = 1020;
				LastUpgradeCheck = 1020;
				ORGANIZATIONNAME = Yuta.S;
				TargetAttributes = {
					1343CC982290CEF600C603AC = {
						CreatedOnToolsVersion = 10.2.1;
					};
				};
			};
			buildConfigurationList = 1343CC942290CEF600C603AC /* Build configuration list for PBXProject "CustomCellValuesPopOver" */;
			compatibilityVersion = "Xcode 9.3";
			developmentRegion = en;
			hasScannedForEncodings = 0;
			knownRegions = (
				en,
				Base,
			);
			mainGroup = 1343CC902290CEF600C603AC;
			productRefGroup = 1343CC9A2290CEF600C603AC /* Products */;
			projectDirPath = "";
			projectRoot = "";
			targets = (
				1343CC982290CEF600C603AC /* CustomCellValuesPopOver */,
			);
		};
/* End PBXProject section */

/* Begin PBXResourcesBuildPhase section */
		1343CC972290CEF600C603AC /* Resources */ = {
			isa = PBXResourcesBuildPhase;
			buildActionMask = 2147483647;
			files = (
				1343CCA72290CEF700C603AC /* LaunchScreen.storyboard in Resources */,
				1343CCA42290CEF700C603AC /* Assets.xcassets in Resources */,
				1343CCA22290CEF600C603AC /* Main.storyboard in Resources */,
			);
			runOnlyForDeploymentPostprocessing = 0;
		};
/* End PBXResourcesBuildPhase section */

/* Begin PBXSourcesBuildPhase section */
		1343CC952290CEF600C603AC /* Sources */ = {
			isa = PBXSourcesBuildPhase;
			buildActionMask = 2147483647;
			files = (
				1343CCB02290D4B500C603AC /* CustomCellPopButton.swift in Sources */,
				1343CCB32290D67F00C603AC /* CustomTableViewCell.swift in Sources */,
				1343CC9F2290CEF600C603AC /* ViewController.swift in Sources */,
				1343CCB12290D4B500C603AC /* PopOverTableViewController.swift in Sources */,
				1343CC9D2290CEF600C603AC /* AppDelegate.swift in Sources */,
			);
			runOnlyForDeploymentPostprocessing = 0;
		};
/* End PBXSourcesBuildPhase section */

/* Begin PBXVariantGroup section */
		1343CCA02290CEF600C603AC /* Main.storyboard */ = {
			isa = PBXVariantGroup;
			children = (
				1343CCA12290CEF600C603AC /* Base */,
			);
			name = Main.storyboard;
			sourceTree = "<group>";
		};
		1343CCA52290CEF700C603AC /* LaunchScreen.storyboard */ = {
			isa = PBXVariantGroup;
			children = (
				1343CCA62290CEF700C603AC /* Base */,
			);
			name = LaunchScreen.storyboard;
			sourceTree = "<group>";
		};
/* End PBXVariantGroup section */

/* Begin XCBuildConfiguration section */
		1343CCA92290CEF700C603AC /* Debug */ = {
			isa = XCBuildConfiguration;
			buildSettings = {
				ALWAYS_SEARCH_USER_PATHS = NO;
				CLANG_ANALYZER_NONNULL = YES;
				CLANG_ANALYZER_NUMBER_OBJECT_CONVERSION = YES_AGGRESSIVE;
				CLANG_CXX_LANGUAGE_STANDARD = "gnu++14";
				CLANG_CXX_LIBRARY = "libc++";
				CLANG_ENABLE_MODULES = YES;
				CLANG_ENABLE_OBJC_ARC = YES;
				CLANG_ENABLE_OBJC_WEAK = YES;
				CLANG_WARN_BLOCK_CAPTURE_AUTORELEASING = YES;
				CLANG_WARN_BOOL_CONVERSION = YES;
				CLANG_WARN_COMMA = YES;
				CLANG_WARN_CONSTANT_CONVERSION = YES;
				CLANG_WARN_DEPRECATED_OBJC_IMPLEMENTATIONS = YES;
				CLANG_WARN_DIRECT_OBJC_ISA_USAGE = YES_ERROR;
				CLANG_WARN_DOCUMENTATION_COMMENTS = YES;
				CLANG_WARN_EMPTY_BODY = YES;
				CLANG_WARN_ENUM_CONVERSION = YES;
				CLANG_WARN_INFINITE_RECURSION = YES;
				CLANG_WARN_INT_CONVERSION = YES;
				CLANG_WARN_NON_LITERAL_NULL_CONVERSION = YES;
				CLANG_WARN_OBJC_IMPLICIT_RETAIN_SELF = YES;
				CLANG_WARN_OBJC_LITERAL_CONVERSION = YES;
				CLANG_WARN_OBJC_ROOT_CLASS = YES_ERROR;
				CLANG_WARN_RANGE_LOOP_ANALYSIS = YES;
				CLANG_WARN_STRICT_PROTOTYPES = YES;
				CLANG_WARN_SUSPICIOUS_MOVE = YES;
				CLANG_WARN_UNGUARDED_AVAILABILITY = YES_AGGRESSIVE;
				CLANG_WARN_UNREACHABLE_CODE = YES;
				CLANG_WARN__DUPLICATE_METHOD_MATCH = YES;
				CODE_SIGN_IDENTITY = "iPhone Developer";
				COPY_PHASE_STRIP = NO;
				DEBUG_INFORMATION_FORMAT = dwarf;
				ENABLE_STRICT_OBJC_MSGSEND = YES;
				ENABLE_TESTABILITY = YES;
				GCC_C_LANGUAGE_STANDARD = gnu11;
				GCC_DYNAMIC_NO_PIC = NO;
				GCC_NO_COMMON_BLOCKS = YES;
				GCC_OPTIMIZATION_LEVEL = 0;
				GCC_PREPROCESSOR_DEFINITIONS = (
					"DEBUG=1",
					"$(inherited)",
				);
				GCC_WARN_64_TO_32_BIT_CONVERSION = YES;
				GCC_WARN_ABOUT_RETURN_TYPE = YES_ERROR;
				GCC_WARN_UNDECLARED_SELECTOR = YES;
				GCC_WARN_UNINITIALIZED_AUTOS = YES_AGGRESSIVE;
				GCC_WARN_UNUSED_FUNCTION = YES;
				GCC_WARN_UNUSED_VARIABLE = YES;
				IPHONEOS_DEPLOYMENT_TARGET = 12.2;
				MTL_ENABLE_DEBUG_INFO = INCLUDE_SOURCE;
				MTL_FAST_MATH = YES;
				ONLY_ACTIVE_ARCH = YES;
				SDKROOT = iphoneos;
				SWIFT_ACTIVE_COMPILATION_CONDITIONS = DEBUG;
				SWIFT_OPTIMIZATION_LEVEL = "-Onone";
			};
			name = Debug;
		};
		1343CCAA2290CEF700C603AC /* Release */ = {
			isa = XCBuildConfiguration;
			buildSettings = {
				ALWAYS_SEARCH_USER_PATHS = NO;
				CLANG_ANALYZER_NONNULL = YES;
				CLANG_ANALYZER_NUMBER_OBJECT_CONVERSION = YES_AGGRESSIVE;
				CLANG_CXX_LANGUAGE_STANDARD = "gnu++14";
				CLANG_CXX_LIBRARY = "libc++";
				CLANG_ENABLE_MODULES = YES;
				CLANG_ENABLE_OBJC_ARC = YES;
				CLANG_ENABLE_OBJC_WEAK = YES;
				CLANG_WARN_BLOCK_CAPTURE_AUTORELEASING = YES;
				CLANG_WARN_BOOL_CONVERSION = YES;
				CLANG_WARN_COMMA = YES;
				CLANG_WARN_CONSTANT_CONVERSION = YES;
				CLANG_WARN_DEPRECATED_OBJC_IMPLEMENTATIONS = YES;
				CLANG_WARN_DIRECT_OBJC_ISA_USAGE = YES_ERROR;
				CLANG_WARN_DOCUMENTATION_COMMENTS = YES;
				CLANG_WARN_EMPTY_BODY = YES;
				CLANG_WARN_ENUM_CONVERSION = YES;
				CLANG_WARN_INFINITE_RECURSION = YES;
				CLANG_WARN_INT_CONVERSION = YES;
				CLANG_WARN_NON_LITERAL_NULL_CONVERSION = YES;
				CLANG_WARN_OBJC_IMPLICIT_RETAIN_SELF = YES;
				CLANG_WARN_OBJC_LITERAL_CONVERSION = YES;
				CLANG_WARN_OBJC_ROOT_CLASS = YES_ERROR;
				CLANG_WARN_RANGE_LOOP_ANALYSIS = YES;
				CLANG_WARN_STRICT_PROTOTYPES = YES;
				CLANG_WARN_SUSPICIOUS_MOVE = YES;
				CLANG_WARN_UNGUARDED_AVAILABILITY = YES_AGGRESSIVE;
				CLANG_WARN_UNREACHABLE_CODE = YES;
				CLANG_WARN__DUPLICATE_METHOD_MATCH = YES;
				CODE_SIGN_IDENTITY = "iPhone Developer";
				COPY_PHASE_STRIP = NO;
				DEBUG_INFORMATION_FORMAT = "dwarf-with-dsym";
				ENABLE_NS_ASSERTIONS = NO;
				ENABLE_STRICT_OBJC_MSGSEND = YES;
				GCC_C_LANGUAGE_STANDARD = gnu11;
				GCC_NO_COMMON_BLOCKS = YES;
				GCC_WARN_64_TO_32_BIT_CONVERSION = YES;
				GCC_WARN_ABOUT_RETURN_TYPE = YES_ERROR;
				GCC_WARN_UNDECLARED_SELECTOR = YES;
				GCC_WARN_UNINITIALIZED_AUTOS = YES_AGGRESSIVE;
				GCC_WARN_UNUSED_FUNCTION = YES;
				GCC_WARN_UNUSED_VARIABLE = YES;
				IPHONEOS_DEPLOYMENT_TARGET = 12.2;
				MTL_ENABLE_DEBUG_INFO = NO;
				MTL_FAST_MATH = YES;
				SDKROOT = iphoneos;
				SWIFT_COMPILATION_MODE = wholemodule;
				SWIFT_OPTIMIZATION_LEVEL = "-O";
				VALIDATE_PRODUCT = YES;
			};
			name = Release;
		};
		1343CCAC2290CEF700C603AC /* Debug */ = {
			isa = XCBuildConfiguration;
			buildSettings = {
				ASSETCATALOG_COMPILER_APPICON_NAME = AppIcon;
				CODE_SIGN_STYLE = Automatic;
				INFOPLIST_FILE = CustomCellValuesPopOver/Info.plist;
				IPHONEOS_DEPLOYMENT_TARGET = 12.0;
				LD_RUNPATH_SEARCH_PATHS = (
					"$(inherited)",
					"@executable_path/Frameworks",
				);
				PRODUCT_BUNDLE_IDENTIFIER = jp.co.sasa.CustomCellValuesPopOver;
				PRODUCT_NAME = "$(TARGET_NAME)";
				SWIFT_VERSION = 5.0;
				TARGETED_DEVICE_FAMILY = "1,2";
			};
			name = Debug;
		};
		1343CCAD2290CEF700C603AC /* Release */ = {
			isa = XCBuildConfiguration;
			buildSettings = {
				ASSETCATALOG_COMPILER_APPICON_NAME = AppIcon;
				CODE_SIGN_STYLE = Automatic;
				INFOPLIST_FILE = CustomCellValuesPopOver/Info.plist;
				IPHONEOS_DEPLOYMENT_TARGET = 12.0;
				LD_RUNPATH_SEARCH_PATHS = (
					"$(inherited)",
					"@executable_path/Frameworks",
				);
				PRODUCT_BUNDLE_IDENTIFIER = jp.co.sasa.CustomCellValuesPopOver;
				PRODUCT_NAME = "$(TARGET_NAME)";
				SWIFT_VERSION = 5.0;
				TARGETED_DEVICE_FAMILY = "1,2";
			};
			name = Release;
		};
/* End XCBuildConfiguration section */

/* Begin XCConfigurationList section */
		1343CC942290CEF600C603AC /* Build configuration list for PBXProject "CustomCellValuesPopOver" */ = {
			isa = XCConfigurationList;
			buildConfigurations = (
				1343CCA92290CEF700C603AC /* Debug */,
				1343CCAA2290CEF700C603AC /* Release */,
			);
			defaultConfigurationIsVisible = 0;
			defaultConfigurationName = Release;
		};
		1343CCAB2290CEF700C603AC /* Build configuration list for PBXNativeTarget "CustomCellValuesPopOver" */ = {
			isa = XCConfigurationList;
			buildConfigurations = (
				1343CCAC2290CEF700C603AC /* Debug */,
				1343CCAD2290CEF700C603AC /* Release */,
			);
			defaultConfigurationIsVisible = 0;
			defaultConfigurationName = Release;
		};
/* End XCConfigurationList section */
	};
	rootObject = 1343CC912290CEF600C603AC /* Project object */;
}
